
Microsoft Visual Studio Solution File, Format Version 12.00
# Visual Studio Version 16
VisualStudioVersion = 25.0.1706.7
MinimumVisualStudioVersion = 10.0.40219.1
Project("{FAE04EC0-301F-11D3-BF4B-00C04F79EFBC}") = "Aspis.Net", "Aspis.Net\Aspis.Net.csproj", "{FC7E1935-2778-4599-AD6D-9EC566F3A591}"
EndProject
Global
	GlobalSection(SolutionConfigurationPlatforms) = preSolution
		Debug|Any CPU = Debug|Any CPU
		Release|Any CPU = Release|Any CPU
	EndGlobalSection
	GlobalSection(ProjectConfigurationPlatforms) = postSolution
		{FC7E1935-2778-4599-AD6D-9EC566F3A591}.Debug|Any CPU.ActiveCfg = Debug|Any CPU
		{FC7E1935-2778-4599-AD6D-9EC566F3A591}.Debug|Any CPU.Build.0 = Debug|Any CPU
		{FC7E1935-2778-4599-AD6D-9EC566F3A591}.Release|Any CPU.ActiveCfg = Release|Any CPU
		{FC7E1935-2778-4599-AD6D-9EC566F3A591}.Release|Any CPU.Build.0 = Release|Any CPU
	EndGlobalSection
	GlobalSection(SolutionProperties) = preSolution
		HideSolutionNode = FALSE
	EndGlobalSection
	GlobalSection(ExtensibilityGlobals) = postSolution
		SolutionGuid = {BC822DE8-375D-4663-B317-ED0BFED2A60C}
	EndGlobalSection
EndGlobal
